
Microsoft Visual Studio Solution File, Format Version 12.00
# Visual Studio 15
VisualStudioVersion = 15.0.27703.2026
MinimumVisualStudioVersion = 10.0.40219.1
Project("{9A19103F-16F7-4668-BE54-9A1E7A4F7556}") = "FunemploymentApi", "FunemploymentApi\FunemploymentApi.csproj", "{2BB08B89-B638-41DD-829F-A8D028020B85}"
EndProject
Project("{FAE04EC0-301F-11D3-BF4B-00C04F79EFBC}") = "XUnitTestProject1", "XUnitTestProject1\XUnitTestProject1.csproj", "{9FFFA7C0-D983-4926-9900-E5D04A181C49}"
EndProject
Global
	GlobalSection(SolutionConfigurationPlatforms) = preSolution
		Debug|Any CPU = Debug|Any CPU
		Release|Any CPU = Release|Any CPU
	EndGlobalSection
	GlobalSection(ProjectConfigurationPlatforms) = postSolution
		{2BB08B89-B638-41DD-829F-A8D028020B85}.Debug|Any CPU.ActiveCfg = Debug|Any CPU
		{2BB08B89-B638-41DD-829F-A8D028020B85}.Debug|Any CPU.Build.0 = Debug|Any CPU
		{2BB08B89-B638-41DD-829F-A8D028020B85}.Release|Any CPU.ActiveCfg = Release|Any CPU
		{2BB08B89-B638-41DD-829F-A8D028020B85}.Release|Any CPU.Build.0 = Release|Any CPU
		{9FFFA7C0-D983-4926-9900-E5D04A181C49}.Debug|Any CPU.ActiveCfg = Debug|Any CPU
		{9FFFA7C0-D983-4926-9900-E5D04A181C49}.Debug|Any CPU.Build.0 = Debug|Any CPU
		{9FFFA7C0-D983-4926-9900-E5D04A181C49}.Release|Any CPU.ActiveCfg = Release|Any CPU
		{9FFFA7C0-D983-4926-9900-E5D04A181C49}.Release|Any CPU.Build.0 = Release|Any CPU
	EndGlobalSection
	GlobalSection(SolutionProperties) = preSolution
		HideSolutionNode = FALSE
	EndGlobalSection
	GlobalSection(ExtensibilityGlobals) = postSolution
		SolutionGuid = {F1BC8962-1CCD-4B3A-B7FB-3404E34F607E}
	EndGlobalSection
EndGlobal
